
Microsoft Visual Studio Solution File, Format Version 12.00
# Visual Studio 14
VisualStudioVersion = 14.0.25420.1
MinimumVisualStudioVersion = 10.0.40219.1
Project("{FAE04EC0-301F-11D3-BF4B-00C04F79EFBC}") = "Syntax", "Syntax\Syntax.csproj", "{839211F5-5BC3-4F5B-BC1E-7D625B9C82BB}"
EndProject
Global
	GlobalSection(SolutionConfigurationPlatforms) = preSolution
		Debug|Any CPU = Debug|Any CPU
		Release|Any CPU = Release|Any CPU
	EndGlobalSection
	GlobalSection(ProjectConfigurationPlatforms) = postSolution
		{839211F5-5BC3-4F5B-BC1E-7D625B9C82BB}.Debug|Any CPU.ActiveCfg = Debug|Any CPU
		{839211F5-5BC3-4F5B-BC1E-7D625B9C82BB}.Debug|Any CPU.Build.0 = Debug|Any CPU
		{839211F5-5BC3-4F5B-BC1E-7D625B9C82BB}.Release|Any CPU.ActiveCfg = Release|Any CPU
		{839211F5-5BC3-4F5B-BC1E-7D625B9C82BB}.Release|Any CPU.Build.0 = Release|Any CPU
	EndGlobalSection
	GlobalSection(SolutionProperties) = preSolution
		HideSolutionNode = FALSE
	EndGlobalSection
EndGlobal
